
Microsoft Visual Studio Solution File, Format Version 12.00
# Visual Studio Version 17
VisualStudioVersion = 17.9.34714.143
MinimumVisualStudioVersion = 10.0.40219.1
Project("{FAE04EC0-301F-11D3-BF4B-00C04F79EFBC}") = "SignalR-Sample", "SignalR-Sample\SignalR-Sample.csproj", "{1C022F53-596F-46EA-8D2B-996623D34A7E}"
EndProject
Global
	GlobalSection(SolutionConfigurationPlatforms) = preSolution
		Debug|Any CPU = Debug|Any CPU
		Release|Any CPU = Release|Any CPU
	EndGlobalSection
	GlobalSection(ProjectConfigurationPlatforms) = postSolution
		{1C022F53-596F-46EA-8D2B-996623D34A7E}.Debug|Any CPU.ActiveCfg = Debug|Any CPU
		{1C022F53-596F-46EA-8D2B-996623D34A7E}.Debug|Any CPU.Build.0 = Debug|Any CPU
		{1C022F53-596F-46EA-8D2B-996623D34A7E}.Release|Any CPU.ActiveCfg = Release|Any CPU
		{1C022F53-596F-46EA-8D2B-996623D34A7E}.Release|Any CPU.Build.0 = Release|Any CPU
	EndGlobalSection
	GlobalSection(SolutionProperties) = preSolution
		HideSolutionNode = FALSE
	EndGlobalSection
	GlobalSection(ExtensibilityGlobals) = postSolution
		SolutionGuid = {D151DF67-1055-41BA-95CE-C20D52598A69}
	EndGlobalSection
EndGlobal
